// !$*UTF8*$!
{
	archiveVersion = 1;
	classes = {
	};
	objectVersion = 55;
	objects = {

/* Begin PBXBuildFile section */
		BF98D4D02745487E00825F3F /* SimpleFizzBuzzView.swift in Sources */ = {isa = PBXBuildFile; fileRef = BF98D4CF2745487E00825F3F /* SimpleFizzBuzzView.swift */; };
		BF98D4D32745491100825F3F /* RootView.swift in Sources */ = {isa = PBXBuildFile; fileRef = BF98D4D22745491100825F3F /* RootView.swift */; };
		BF98D4D527454A0D00825F3F /* FizzBuzzListView.swift in Sources */ = {isa = PBXBuildFile; fileRef = BF98D4D427454A0D00825F3F /* FizzBuzzListView.swift */; };
		BFC7F0202735588000211A41 /* FizzBuzzApp.swift in Sources */ = {isa = PBXBuildFile; fileRef = BFC7F01F2735588000211A41 /* FizzBuzzApp.swift */; };
		BFC7F0222735588000211A41 /* FizzBuzzWithModelView.swift in Sources */ = {isa = PBXBuildFile; fileRef = BFC7F0212735588000211A41 /* FizzBuzzWithModelView.swift */; };
		BFC7F0242735588100211A41 /* Assets.xcassets in Resources */ = {isa = PBXBuildFile; fileRef = BFC7F0232735588100211A41 /* Assets.xcassets */; };
		BFC7F0272735588100211A41 /* Preview Assets.xcassets in Resources */ = {isa = PBXBuildFile; fileRef = BFC7F0262735588100211A41 /* Preview Assets.xcassets */; };
		BFC7F02E2735617A00211A41 /* FizzView.swift in Sources */ = {isa = PBXBuildFile; fileRef = BFC7F02D2735617A00211A41 /* FizzView.swift */; };
		BFC7F0302735618400211A41 /* BuzzView.swift in Sources */ = {isa = PBXBuildFile; fileRef = BFC7F02F2735618400211A41 /* BuzzView.swift */; };
		BFC7F0322735620E00211A41 /* NextButtonView.swift in Sources */ = {isa = PBXBuildFile; fileRef = BFC7F0312735620E00211A41 /* NextButtonView.swift */; };
		BFC7F0342735623F00211A41 /* NumberView.swift in Sources */ = {isa = PBXBuildFile; fileRef = BFC7F0332735623F00211A41 /* NumberView.swift */; };
		BFC7F0362735648E00211A41 /* FizzBuzzNumberView.swift in Sources */ = {isa = PBXBuildFile; fileRef = BFC7F0352735648E00211A41 /* FizzBuzzNumberView.swift */; };
		BFC7F038273564B800211A41 /* FizzBuzzInputView.swift in Sources */ = {isa = PBXBuildFile; fileRef = BFC7F037273564B800211A41 /* FizzBuzzInputView.swift */; };
		BFC7F0422735ADEE00211A41 /* FizzBuzzWithNavigationView.swift in Sources */ = {isa = PBXBuildFile; fileRef = BFC7F0412735ADEE00211A41 /* FizzBuzzWithNavigationView.swift */; };
/* End PBXBuildFile section */

/* Begin PBXFileReference section */
		BF98D4CF2745487E00825F3F /* SimpleFizzBuzzView.swift */ = {isa = PBXFileReference; lastKnownFileType = sourcecode.swift; path = SimpleFizzBuzzView.swift; sourceTree = "<group>"; };
		BF98D4D22745491100825F3F /* RootView.swift */ = {isa = PBXFileReference; lastKnownFileType = sourcecode.swift; path = RootView.swift; sourceTree = "<group>"; };
		BF98D4D427454A0D00825F3F /* FizzBuzzListView.swift */ = {isa = PBXFileReference; lastKnownFileType = sourcecode.swift; path = FizzBuzzListView.swift; sourceTree = "<group>"; };
		BFC7F01C2735588000211A41 /* FizzBuzz.app */ = {isa = PBXFileReference; explicitFileType = wrapper.application; includeInIndex = 0; path = FizzBuzz.app; sourceTree = BUILT_PRODUCTS_DIR; };
		BFC7F01F2735588000211A41 /* FizzBuzzApp.swift */ = {isa = PBXFileReference; lastKnownFileType = sourcecode.swift; path = FizzBuzzApp.swift; sourceTree = "<group>"; };
		BFC7F0212735588000211A41 /* FizzBuzzWithModelView.swift */ = {isa = PBXFileReference; lastKnownFileType = sourcecode.swift; path = FizzBuzzWithModelView.swift; sourceTree = "<group>"; };
		BFC7F0232735588100211A41 /* Assets.xcassets */ = {isa = PBXFileReference; lastKnownFileType = folder.assetcatalog; path = Assets.xcassets; sourceTree = "<group>"; };
		BFC7F0262735588100211A41 /* Preview Assets.xcassets */ = {isa = PBXFileReference; lastKnownFileType = folder.assetcatalog; path = "Preview Assets.xcassets"; sourceTree = "<group>"; };
		BFC7F02D2735617A00211A41 /* FizzView.swift */ = {isa = PBXFileReference; lastKnownFileType = sourcecode.swift; path = FizzView.swift; sourceTree = "<group>"; };
		BFC7F02F2735618400211A41 /* BuzzView.swift */ = {isa = PBXFileReference; lastKnownFileType = sourcecode.swift; path = BuzzView.swift; sourceTree = "<group>"; };
		BFC7F0312735620E00211A41 /* NextButtonView.swift */ = {isa = PBXFileReference; lastKnownFileType = sourcecode.swift; path = NextButtonView.swift; sourceTree = "<group>"; };
		BFC7F0332735623F00211A41 /* NumberView.swift */ = {isa = PBXFileReference; lastKnownFileType = sourcecode.swift; path = NumberView.swift; sourceTree = "<group>"; };
		BFC7F0352735648E00211A41 /* FizzBuzzNumberView.swift */ = {isa = PBXFileReference; lastKnownFileType = sourcecode.swift; path = FizzBuzzNumberView.swift; sourceTree = "<group>"; };
		BFC7F037273564B800211A41 /* FizzBuzzInputView.swift */ = {isa = PBXFileReference; lastKnownFileType = sourcecode.swift; path = FizzBuzzInputView.swift; sourceTree = "<group>"; };
		BFC7F0412735ADEE00211A41 /* FizzBuzzWithNavigationView.swift */ = {isa = PBXFileReference; lastKnownFileType = sourcecode.swift; path = FizzBuzzWithNavigationView.swift; sourceTree = "<group>"; };
/* End PBXFileReference section */

/* Begin PBXFrameworksBuildPhase section */
		BFC7F0192735588000211A41 /* Frameworks */ = {
			isa = PBXFrameworksBuildPhase;
			buildActionMask = 2147483647;
			files = (
			);
			runOnlyForDeploymentPostprocessing = 0;
		};
/* End PBXFrameworksBuildPhase section */

/* Begin PBXGroup section */
		BF98D4CE2745474500825F3F /* Parts */ = {
			isa = PBXGroup;
			children = (
				BFC7F02F2735618400211A41 /* BuzzView.swift */,
				BFC7F02D2735617A00211A41 /* FizzView.swift */,
				BFC7F0332735623F00211A41 /* NumberView.swift */,
				BFC7F0352735648E00211A41 /* FizzBuzzNumberView.swift */,
				BFC7F0312735620E00211A41 /* NextButtonView.swift */,
				BF98D4D427454A0D00825F3F /* FizzBuzzListView.swift */,
			);
			path = Parts;
			sourceTree = "<group>";
		};
		BF98D4D1274548C200825F3F /* Examples */ = {
			isa = PBXGroup;
			children = (
				BF98D4CF2745487E00825F3F /* SimpleFizzBuzzView.swift */,
				BFC7F037273564B800211A41 /* FizzBuzzInputView.swift */,
				BFC7F0412735ADEE00211A41 /* FizzBuzzWithNavigationView.swift */,
				BFC7F0212735588000211A41 /* FizzBuzzWithModelView.swift */,
			);
			path = Examples;
			sourceTree = "<group>";
		};
		BFC7F0132735588000211A41 = {
			isa = PBXGroup;
			children = (
				BFC7F01E2735588000211A41 /* FizzBuzz */,
				BFC7F01D2735588000211A41 /* Products */,
			);
			sourceTree = "<group>";
		};
		BFC7F01D2735588000211A41 /* Products */ = {
			isa = PBXGroup;
			children = (
				BFC7F01C2735588000211A41 /* FizzBuzz.app */,
			);
			name = Products;
			sourceTree = "<group>";
		};
		BFC7F01E2735588000211A41 /* FizzBuzz */ = {
			isa = PBXGroup;
			children = (
				BFC7F01F2735588000211A41 /* FizzBuzzApp.swift */,
				BFC7F0232735588100211A41 /* Assets.xcassets */,
				BFC7F0252735588100211A41 /* Preview Content */,
				BF98D4CE2745474500825F3F /* Parts */,
				BF98D4D1274548C200825F3F /* Examples */,
				BF98D4D22745491100825F3F /* RootView.swift */,
			);
			path = FizzBuzz;
			sourceTree = "<group>";
		};
		BFC7F0252735588100211A41 /* Preview Content */ = {
			isa = PBXGroup;
			children = (
				BFC7F0262735588100211A41 /* Preview Assets.xcassets */,
			);
			path = "Preview Content";
			sourceTree = "<group>";
		};
/* End PBXGroup section */

/* Begin PBXNativeTarget section */
		BFC7F01B2735588000211A41 /* FizzBuzz */ = {
			isa = PBXNativeTarget;
			buildConfigurationList = BFC7F02A2735588100211A41 /* Build configuration list for PBXNativeTarget "FizzBuzz" */;
			buildPhases = (
				BFC7F0182735588000211A41 /* Sources */,
				BFC7F0192735588000211A41 /* Frameworks */,
				BFC7F01A2735588000211A41 /* Resources */,
			);
			buildRules = (
			);
			dependencies = (
			);
			name = FizzBuzz;
			productName = FizzBuzz;
			productReference = BFC7F01C2735588000211A41 /* FizzBuzz.app */;
			productType = "com.apple.product-type.application";
		};
/* End PBXNativeTarget section */

/* Begin PBXProject section */
		BFC7F0142735588000211A41 /* Project object */ = {
			isa = PBXProject;
			attributes = {
				BuildIndependentTargetsInParallel = 1;
				LastSwiftUpdateCheck = 1310;
				LastUpgradeCheck = 1310;
				TargetAttributes = {
					BFC7F01B2735588000211A41 = {
						CreatedOnToolsVersion = 13.1;
					};
				};
			};
			buildConfigurationList = BFC7F0172735588000211A41 /* Build configuration list for PBXProject "FizzBuzz" */;
			compatibilityVersion = "Xcode 13.0";
			developmentRegion = en;
			hasScannedForEncodings = 0;
			knownRegions = (
				en,
				Base,
			);
			mainGroup = BFC7F0132735588000211A41;
			productRefGroup = BFC7F01D2735588000211A41 /* Products */;
			projectDirPath = "";
			projectRoot = "";
			targets = (
				BFC7F01B2735588000211A41 /* FizzBuzz */,
			);
		};
/* End PBXProject section */

/* Begin PBXResourcesBuildPhase section */
		BFC7F01A2735588000211A41 /* Resources */ = {
			isa = PBXResourcesBuildPhase;
			buildActionMask = 2147483647;
			files = (
				BFC7F0272735588100211A41 /* Preview Assets.xcassets in Resources */,
				BFC7F0242735588100211A41 /* Assets.xcassets in Resources */,
			);
			runOnlyForDeploymentPostprocessing = 0;
		};
/* End PBXResourcesBuildPhase section */

/* Begin PBXSourcesBuildPhase section */
		BFC7F0182735588000211A41 /* Sources */ = {
			isa = PBXSourcesBuildPhase;
			buildActionMask = 2147483647;
			files = (
				BFC7F0222735588000211A41 /* FizzBuzzWithModelView.swift in Sources */,
				BFC7F0202735588000211A41 /* FizzBuzzApp.swift in Sources */,
				BF98D4D527454A0D00825F3F /* FizzBuzzListView.swift in Sources */,
				BFC7F02E2735617A00211A41 /* FizzView.swift in Sources */,
				BFC7F0422735ADEE00211A41 /* FizzBuzzWithNavigationView.swift in Sources */,
				BFC7F0302735618400211A41 /* BuzzView.swift in Sources */,
				BFC7F0322735620E00211A41 /* NextButtonView.swift in Sources */,
				BFC7F0342735623F00211A41 /* NumberView.swift in Sources */,
				BFC7F038273564B800211A41 /* FizzBuzzInputView.swift in Sources */,
				BF98D4D02745487E00825F3F /* SimpleFizzBuzzView.swift in Sources */,
				BFC7F0362735648E00211A41 /* FizzBuzzNumberView.swift in Sources */,
				BF98D4D32745491100825F3F /* RootView.swift in Sources */,
			);
			runOnlyForDeploymentPostprocessing = 0;
		};
/* End PBXSourcesBuildPhase section */

/* Begin XCBuildConfiguration section */
		BFC7F0282735588100211A41 /* Debug */ = {
			isa = XCBuildConfiguration;
			buildSettings = {
				ALWAYS_SEARCH_USER_PATHS = NO;
				CLANG_ANALYZER_NONNULL = YES;
				CLANG_ANALYZER_NUMBER_OBJECT_CONVERSION = YES_AGGRESSIVE;
				CLANG_CXX_LANGUAGE_STANDARD = "gnu++17";
				CLANG_CXX_LIBRARY = "libc++";
				CLANG_ENABLE_MODULES = YES;
				CLANG_ENABLE_OBJC_ARC = YES;
				CLANG_ENABLE_OBJC_WEAK = YES;
				CLANG_WARN_BLOCK_CAPTURE_AUTORELEASING = YES;
				CLANG_WARN_BOOL_CONVERSION = YES;
				CLANG_WARN_COMMA = YES;
				CLANG_WARN_CONSTANT_CONVERSION = YES;
				CLANG_WARN_DEPRECATED_OBJC_IMPLEMENTATIONS = YES;
				CLANG_WARN_DIRECT_OBJC_ISA_USAGE = YES_ERROR;
				CLANG_WARN_DOCUMENTATION_COMMENTS = YES;
				CLANG_WARN_EMPTY_BODY = YES;
				CLANG_WARN_ENUM_CONVERSION = YES;
				CLANG_WARN_INFINITE_RECURSION = YES;
				CLANG_WARN_INT_CONVERSION = YES;
				CLANG_WARN_NON_LITERAL_NULL_CONVERSION = YES;
				CLANG_WARN_OBJC_IMPLICIT_RETAIN_SELF = YES;
				CLANG_WARN_OBJC_LITERAL_CONVERSION = YES;
				CLANG_WARN_OBJC_ROOT_CLASS = YES_ERROR;
				CLANG_WARN_QUOTED_INCLUDE_IN_FRAMEWORK_HEADER = YES;
				CLANG_WARN_RANGE_LOOP_ANALYSIS = YES;
				CLANG_WARN_STRICT_PROTOTYPES = YES;
				CLANG_WARN_SUSPICIOUS_MOVE = YES;
				CLANG_WARN_UNGUARDED_AVAILABILITY = YES_AGGRESSIVE;
				CLANG_WARN_UNREACHABLE_CODE = YES;
				CLANG_WARN__DUPLICATE_METHOD_MATCH = YES;
				COPY_PHASE_STRIP = NO;
				DEBUG_INFORMATION_FORMAT = dwarf;
				ENABLE_STRICT_OBJC_MSGSEND = YES;
				ENABLE_TESTABILITY = YES;
				GCC_C_LANGUAGE_STANDARD = gnu11;
				GCC_DYNAMIC_NO_PIC = NO;
				GCC_NO_COMMON_BLOCKS = YES;
				GCC_OPTIMIZATION_LEVEL = 0;
				GCC_PREPROCESSOR_DEFINITIONS = (
					"DEBUG=1",
					"$(inherited)",
				);
				GCC_WARN_64_TO_32_BIT_CONVERSION = YES;
				GCC_WARN_ABOUT_RETURN_TYPE = YES_ERROR;
				GCC_WARN_UNDECLARED_SELECTOR = YES;
				GCC_WARN_UNINITIALIZED_AUTOS = YES_AGGRESSIVE;
				GCC_WARN_UNUSED_FUNCTION = YES;
				GCC_WARN_UNUSED_VARIABLE = YES;
				IPHONEOS_DEPLOYMENT_TARGET = 15.0;
				MTL_ENABLE_DEBUG_INFO = INCLUDE_SOURCE;
				MTL_FAST_MATH = YES;
				ONLY_ACTIVE_ARCH = YES;
				SDKROOT = iphoneos;
				SWIFT_ACTIVE_COMPILATION_CONDITIONS = DEBUG;
				SWIFT_OPTIMIZATION_LEVEL = "-Onone";
			};
			name = Debug;
		};
		BFC7F0292735588100211A41 /* Release */ = {
			isa = XCBuildConfiguration;
			buildSettings = {
				ALWAYS_SEARCH_USER_PATHS = NO;
				CLANG_ANALYZER_NONNULL = YES;
				CLANG_ANALYZER_NUMBER_OBJECT_CONVERSION = YES_AGGRESSIVE;
				CLANG_CXX_LANGUAGE_STANDARD = "gnu++17";
				CLANG_CXX_LIBRARY = "libc++";
				CLANG_ENABLE_MODULES = YES;
				CLANG_ENABLE_OBJC_ARC = YES;
				CLANG_ENABLE_OBJC_WEAK = YES;
				CLANG_WARN_BLOCK_CAPTURE_AUTORELEASING = YES;
				CLANG_WARN_BOOL_CONVERSION = YES;
				CLANG_WARN_COMMA = YES;
				CLANG_WARN_CONSTANT_CONVERSION = YES;
				CLANG_WARN_DEPRECATED_OBJC_IMPLEMENTATIONS = YES;
				CLANG_WARN_DIRECT_OBJC_ISA_USAGE = YES_ERROR;
				CLANG_WARN_DOCUMENTATION_COMMENTS = YES;
				CLANG_WARN_EMPTY_BODY = YES;
				CLANG_WARN_ENUM_CONVERSION = YES;
				CLANG_WARN_INFINITE_RECURSION = YES;
				CLANG_WARN_INT_CONVERSION = YES;
				CLANG_WARN_NON_LITERAL_NULL_CONVERSION = YES;
				CLANG_WARN_OBJC_IMPLICIT_RETAIN_SELF = YES;
				CLANG_WARN_OBJC_LITERAL_CONVERSION = YES;
				CLANG_WARN_OBJC_ROOT_CLASS = YES_ERROR;
				CLANG_WARN_QUOTED_INCLUDE_IN_FRAMEWORK_HEADER = YES;
				CLANG_WARN_RANGE_LOOP_ANALYSIS = YES;
				CLANG_WARN_STRICT_PROTOTYPES = YES;
				CLANG_WARN_SUSPICIOUS_MOVE = YES;
				CLANG_WARN_UNGUARDED_AVAILABILITY = YES_AGGRESSIVE;
				CLANG_WARN_UNREACHABLE_CODE = YES;
				CLANG_WARN__DUPLICATE_METHOD_MATCH = YES;
				COPY_PHASE_STRIP = NO;
				DEBUG_INFORMATION_FORMAT = "dwarf-with-dsym";
				ENABLE_NS_ASSERTIONS = NO;
				ENABLE_STRICT_OBJC_MSGSEND = YES;
				GCC_C_LANGUAGE_STANDARD = gnu11;
				GCC_NO_COMMON_BLOCKS = YES;
				GCC_WARN_64_TO_32_BIT_CONVERSION = YES;
				GCC_WARN_ABOUT_RETURN_TYPE = YES_ERROR;
				GCC_WARN_UNDECLARED_SELECTOR = YES;
				GCC_WARN_UNINITIALIZED_AUTOS = YES_AGGRESSIVE;
				GCC_WARN_UNUSED_FUNCTION = YES;
				GCC_WARN_UNUSED_VARIABLE = YES;
				IPHONEOS_DEPLOYMENT_TARGET = 15.0;
				MTL_ENABLE_DEBUG_INFO = NO;
				MTL_FAST_MATH = YES;
				SDKROOT = iphoneos;
				SWIFT_COMPILATION_MODE = wholemodule;
				SWIFT_OPTIMIZATION_LEVEL = "-O";
				VALIDATE_PRODUCT = YES;
			};
			name = Release;
		};
		BFC7F02B2735588100211A41 /* Debug */ = {
			isa = XCBuildConfiguration;
			buildSettings = {
				ASSETCATALOG_COMPILER_APPICON_NAME = AppIcon;
				ASSETCATALOG_COMPILER_GLOBAL_ACCENT_COLOR_NAME = AccentColor;
				CODE_SIGN_STYLE = Automatic;
				CURRENT_PROJECT_VERSION = 1;
				DEVELOPMENT_ASSET_PATHS = "\"FizzBuzz/Preview Content\"";
				ENABLE_PREVIEWS = YES;
				GENERATE_INFOPLIST_FILE = YES;
				INFOPLIST_KEY_UIApplicationSceneManifest_Generation = YES;
				INFOPLIST_KEY_UIApplicationSupportsIndirectInputEvents = YES;
				INFOPLIST_KEY_UILaunchScreen_Generation = YES;
				INFOPLIST_KEY_UISupportedInterfaceOrientations_iPad = "UIInterfaceOrientationPortrait UIInterfaceOrientationPortraitUpsideDown UIInterfaceOrientationLandscapeLeft UIInterfaceOrientationLandscapeRight";
				INFOPLIST_KEY_UISupportedInterfaceOrientations_iPhone = "UIInterfaceOrientationPortrait UIInterfaceOrientationLandscapeLeft UIInterfaceOrientationLandscapeRight";
				LD_RUNPATH_SEARCH_PATHS = (
					"$(inherited)",
					"@executable_path/Frameworks",
				);
				MARKETING_VERSION = 1.0;
				PRODUCT_BUNDLE_IDENTIFIER = com.example.FizzBuzz;
				PRODUCT_NAME = "$(TARGET_NAME)";
				SWIFT_EMIT_LOC_STRINGS = YES;
				SWIFT_VERSION = 5.0;
				TARGETED_DEVICE_FAMILY = "1,2";
			};
			name = Debug;
		};
		BFC7F02C2735588100211A41 /* Release */ = {
			isa = XCBuildConfiguration;
			buildSettings = {
				ASSETCATALOG_COMPILER_APPICON_NAME = AppIcon;
				ASSETCATALOG_COMPILER_GLOBAL_ACCENT_COLOR_NAME = AccentColor;
				CODE_SIGN_STYLE = Automatic;
				CURRENT_PROJECT_VERSION = 1;
				DEVELOPMENT_ASSET_PATHS = "\"FizzBuzz/Preview Content\"";
				ENABLE_PREVIEWS = YES;
				GENERATE_INFOPLIST_FILE = YES;
				INFOPLIST_KEY_UIApplicationSceneManifest_Generation = YES;
				INFOPLIST_KEY_UIApplicationSupportsIndirectInputEvents = YES;
				INFOPLIST_KEY_UILaunchScreen_Generation = YES;
				INFOPLIST_KEY_UISupportedInterfaceOrientations_iPad = "UIInterfaceOrientationPortrait UIInterfaceOrientationPortraitUpsideDown UIInterfaceOrientationLandscapeLeft UIInterfaceOrientationLandscapeRight";
				INFOPLIST_KEY_UISupportedInterfaceOrientations_iPhone = "UIInterfaceOrientationPortrait UIInterfaceOrientationLandscapeLeft UIInterfaceOrientationLandscapeRight";
				LD_RUNPATH_SEARCH_PATHS = (
					"$(inherited)",
					"@executable_path/Frameworks",
				);
				MARKETING_VERSION = 1.0;
				PRODUCT_BUNDLE_IDENTIFIER = com.example.FizzBuzz;
				PRODUCT_NAME = "$(TARGET_NAME)";
				SWIFT_EMIT_LOC_STRINGS = YES;
				SWIFT_VERSION = 5.0;
				TARGETED_DEVICE_FAMILY = "1,2";
			};
			name = Release;
		};
/* End XCBuildConfiguration section */

/* Begin XCConfigurationList section */
		BFC7F0172735588000211A41 /* Build configuration list for PBXProject "FizzBuzz" */ = {
			isa = XCConfigurationList;
			buildConfigurations = (
				BFC7F0282735588100211A41 /* Debug */,
				BFC7F0292735588100211A41 /* Release */,
			);
			defaultConfigurationIsVisible = 0;
			defaultConfigurationName = Release;
		};
		BFC7F02A2735588100211A41 /* Build configuration list for PBXNativeTarget "FizzBuzz" */ = {
			isa = XCConfigurationList;
			buildConfigurations = (
				BFC7F02B2735588100211A41 /* Debug */,
				BFC7F02C2735588100211A41 /* Release */,
			);
			defaultConfigurationIsVisible = 0;
			defaultConfigurationName = Release;
		};
/* End XCConfigurationList section */
	};
	rootObject = BFC7F0142735588000211A41 /* Project object */;
}
